
Microsoft Visual Studio Solution File, Format Version 12.00
# Visual Studio Version 17
VisualStudioVersion = 17.2.32427.441
MinimumVisualStudioVersion = 10.0.40219.1
Project("{FAE04EC0-301F-11D3-BF4B-00C04F79EFBC}") = "IdentityUI", "IdentityUI\IdentityUI.csproj", "{52AFCADF-8D37-4427-843A-11EAEC7E7AB9}"
EndProject
Global
	GlobalSection(SolutionConfigurationPlatforms) = preSolution
		Debug|Any CPU = Debug|Any CPU
		Release|Any CPU = Release|Any CPU
	EndGlobalSection
	GlobalSection(ProjectConfigurationPlatforms) = postSolution
		{52AFCADF-8D37-4427-843A-11EAEC7E7AB9}.Debug|Any CPU.ActiveCfg = Debug|Any CPU
		{52AFCADF-8D37-4427-843A-11EAEC7E7AB9}.Debug|Any CPU.Build.0 = Debug|Any CPU
		{52AFCADF-8D37-4427-843A-11EAEC7E7AB9}.Release|Any CPU.ActiveCfg = Release|Any CPU
		{52AFCADF-8D37-4427-843A-11EAEC7E7AB9}.Release|Any CPU.Build.0 = Release|Any CPU
	EndGlobalSection
	GlobalSection(SolutionProperties) = preSolution
		HideSolutionNode = FALSE
	EndGlobalSection
	GlobalSection(ExtensibilityGlobals) = postSolution
		SolutionGuid = {01440E43-26FF-4AE7-87B6-F26612B02026}
	EndGlobalSection
EndGlobal
